
Microsoft Visual Studio Solution File, Format Version 12.00
# Visual Studio Version 17
VisualStudioVersion = 17.0.31903.59
MinimumVisualStudioVersion = 10.0.40219.1
Project("{FAE04EC0-301F-11D3-BF4B-00C04F79EFBC}") = "SecurityAPI", "SecurityAPI\SecurityAPI.csproj", "{99661F9B-144C-410F-BC03-C325CBFFB9C2}"
EndProject
Project("{FAE04EC0-301F-11D3-BF4B-00C04F79EFBC}") = "Common.Lib", "Common.Lib\Common.Lib.csproj", "{571A1456-0F0B-4691-9951-7D79D0C68589}"
EndProject
Global
	GlobalSection(SolutionConfigurationPlatforms) = preSolution
		Debug|Any CPU = Debug|Any CPU
		Release|Any CPU = Release|Any CPU
	EndGlobalSection
	GlobalSection(ProjectConfigurationPlatforms) = postSolution
		{99661F9B-144C-410F-BC03-C325CBFFB9C2}.Debug|Any CPU.ActiveCfg = Debug|Any CPU
		{99661F9B-144C-410F-BC03-C325CBFFB9C2}.Debug|Any CPU.Build.0 = Debug|Any CPU
		{99661F9B-144C-410F-BC03-C325CBFFB9C2}.Release|Any CPU.ActiveCfg = Release|Any CPU
		{99661F9B-144C-410F-BC03-C325CBFFB9C2}.Release|Any CPU.Build.0 = Release|Any CPU
		{571A1456-0F0B-4691-9951-7D79D0C68589}.Debug|Any CPU.ActiveCfg = Debug|Any CPU
		{571A1456-0F0B-4691-9951-7D79D0C68589}.Debug|Any CPU.Build.0 = Debug|Any CPU
		{571A1456-0F0B-4691-9951-7D79D0C68589}.Release|Any CPU.ActiveCfg = Release|Any CPU
		{571A1456-0F0B-4691-9951-7D79D0C68589}.Release|Any CPU.Build.0 = Release|Any CPU
	EndGlobalSection
	GlobalSection(SolutionProperties) = preSolution
		HideSolutionNode = FALSE
	EndGlobalSection
	GlobalSection(ExtensibilityGlobals) = postSolution
		SolutionGuid = {53755B6E-021E-4CA9-8C27-14321B0724AD}
	EndGlobalSection
EndGlobal
